
Microsoft Visual Studio Solution File, Format Version 12.00
# Visual Studio Version 17
VisualStudioVersion = 17.4.33110.190
MinimumVisualStudioVersion = 10.0.40219.1
Project("{FAE04EC0-301F-11D3-BF4B-00C04F79EFBC}") = "Priprema_za_ispit", "Priprema_za_ispit\Priprema_za_ispit.csproj", "{1EF99FCA-B016-4B14-A7C7-4D3B027DBC0E}"
EndProject
Global
	GlobalSection(SolutionConfigurationPlatforms) = preSolution
		Debug|Any CPU = Debug|Any CPU
		Release|Any CPU = Release|Any CPU
	EndGlobalSection
	GlobalSection(ProjectConfigurationPlatforms) = postSolution
		{1EF99FCA-B016-4B14-A7C7-4D3B027DBC0E}.Debug|Any CPU.ActiveCfg = Debug|Any CPU
		{1EF99FCA-B016-4B14-A7C7-4D3B027DBC0E}.Debug|Any CPU.Build.0 = Debug|Any CPU
		{1EF99FCA-B016-4B14-A7C7-4D3B027DBC0E}.Release|Any CPU.ActiveCfg = Release|Any CPU
		{1EF99FCA-B016-4B14-A7C7-4D3B027DBC0E}.Release|Any CPU.Build.0 = Release|Any CPU
	EndGlobalSection
	GlobalSection(SolutionProperties) = preSolution
		HideSolutionNode = FALSE
	EndGlobalSection
	GlobalSection(ExtensibilityGlobals) = postSolution
		SolutionGuid = {2E11FF8F-B888-4FE3-B671-82E52E2D6549}
	EndGlobalSection
EndGlobal
